
Microsoft Visual Studio Solution File, Format Version 12.00
# Visual Studio Version 16
VisualStudioVersion = 25.0.1704.4
MinimumVisualStudioVersion = 10.0.40219.1
Project("{FAE04EC0-301F-11D3-BF4B-00C04F79EFBC}") = "BankEncapsulation", "BankEncapsulation.csproj", "{791F4244-17EB-475A-84C9-8EC154B4BB6C}"
EndProject
Global
	GlobalSection(SolutionConfigurationPlatforms) = preSolution
		Debug|Any CPU = Debug|Any CPU
		Release|Any CPU = Release|Any CPU
	EndGlobalSection
	GlobalSection(ProjectConfigurationPlatforms) = postSolution
		{791F4244-17EB-475A-84C9-8EC154B4BB6C}.Debug|Any CPU.ActiveCfg = Debug|Any CPU
		{791F4244-17EB-475A-84C9-8EC154B4BB6C}.Debug|Any CPU.Build.0 = Debug|Any CPU
		{791F4244-17EB-475A-84C9-8EC154B4BB6C}.Release|Any CPU.ActiveCfg = Release|Any CPU
		{791F4244-17EB-475A-84C9-8EC154B4BB6C}.Release|Any CPU.Build.0 = Release|Any CPU
	EndGlobalSection
	GlobalSection(SolutionProperties) = preSolution
		HideSolutionNode = FALSE
	EndGlobalSection
	GlobalSection(ExtensibilityGlobals) = postSolution
		SolutionGuid = {F149C59D-E0BF-4578-9416-031C4983CF6B}
	EndGlobalSection
EndGlobal
